{
  "source_commit": "68d64f02aa70fa8e1ba6022361acd4f01300468e",
  "working_tree_dirty": true,
  "generated_at": "2026-08-15T09:31:20Z",
  "scanned_scope": [
    "."
  ],
  "excluded_directories": [
    ".cache",
    ".git",
    ".hg",
    ".next",
    ".nuxt",
    ".scratch",
    ".svn",
    ".turbo",
    ".venv",
    "__pycache__",
    "build",
    "coverage",
    "dist",
    "docs/codemap",
    "generated",
    "node_modules",
    "out",
    "target",
    "vendor",
    "venv"
  ],
  "fingerprint_algorithm": "sha256-path-content-v1",
  "modules": [
    {
      "id": ".",
      "path": ".",
      "file_count": 25,
      "fingerprint": "6a1914de3f55b92abbeafb4d879bb8747ca1e3a63e64a8e4ebd648a4da69a0a4"
    },
    {
      "id": ".github",
      "path": ".github",
      "file_count": 3,
      "fingerprint": "f3279acd08d537c5f98c35c18a9cdcc7290e88e8e0f51902614e05dcdb9c5a0a"
    },
    {
      "id": ".vscode",
      "path": ".vscode",
      "file_count": 2,
      "fingerprint": "655b8c0ee4538bbe5e3de49cdb4db9eb1ad036db888632f16a4b43e93e6863d5"
    },
    {
      "id": "components",
      "path": "components",
      "file_count": 47,
      "fingerprint": "59da096c032cb1125d8280653993b41492dfa816a5495a7dbe4fd9e345874210"
    },
    {
      "id": "docs",
      "path": "docs",
      "file_count": 10,
      "fingerprint": "1d773f40be54f037d54c4356a30fca018869ee2a7eaea0263d645d12989a4f87"
    },
    {
      "id": "hooks",
      "path": "hooks",
      "file_count": 10,
      "fingerprint": "8a8884685865d0ea141c860f7735bdcc69e61f818b81552783500551696dc83a"
    },
    {
      "id": "scripts",
      "path": "scripts",
      "file_count": 2,
      "fingerprint": "7e2d8e9eb9a039bfcd4cb8607a46fa7b74af9b5f07e963a748d811712f8c4a66"
    },
    {
      "id": "store",
      "path": "store",
      "file_count": 1,
      "fingerprint": "ac42d9e5578623a3cdb40d4097a9094b0ea5a2fe346a8fe5f028cce34a7f4b74"
    },
    {
      "id": "tests",
      "path": "tests",
      "file_count": 22,
      "fingerprint": "6655ed6fba936637a051a611f60f048dcf5d68be7bd8ef91f1f5cf39e386dbe4"
    },
    {
      "id": "utils",
      "path": "utils",
      "file_count": 12,
      "fingerprint": "f329e512a317568fb31988352490b9446e318e447e26942ae17a10d986938ee2"
    }
  ]
}
